
Microsoft Visual Studio Solution File, Format Version 12.00
# Visual Studio Version 17
VisualStudioVersion = 17.1.32407.343
MinimumVisualStudioVersion = 10.0.40219.1
Project("{8BC9CEB8-8B4A-11D0-8D11-00A0C91BC942}") = "CircelRadius", "CircelRadius\CircelRadius.vcxproj", "{484DD8EA-7DAF-4CAD-989E-C2E68311FCAF}"
EndProject
Global
	GlobalSection(SolutionConfigurationPlatforms) = preSolution
		Debug|x64 = Debug|x64
		Debug|x86 = Debug|x86
		Release|x64 = Release|x64
		Release|x86 = Release|x86
	EndGlobalSection
	GlobalSection(ProjectConfigurationPlatforms) = postSolution
		{484DD8EA-7DAF-4CAD-989E-C2E68311FCAF}.Debug|x64.ActiveCfg = Debug|x64
		{484DD8EA-7DAF-4CAD-989E-C2E68311FCAF}.Debug|x64.Build.0 = Debug|x64
		{484DD8EA-7DAF-4CAD-989E-C2E68311FCAF}.Debug|x86.ActiveCfg = Debug|Win32
		{484DD8EA-7DAF-4CAD-989E-C2E68311FCAF}.Debug|x86.Build.0 = Debug|Win32
		{484DD8EA-7DAF-4CAD-989E-C2E68311FCAF}.Release|x64.ActiveCfg = Release|x64
		{484DD8EA-7DAF-4CAD-989E-C2E68311FCAF}.Release|x64.Build.0 = Release|x64
		{484DD8EA-7DAF-4CAD-989E-C2E68311FCAF}.Release|x86.ActiveCfg = Release|Win32
		{484DD8EA-7DAF-4CAD-989E-C2E68311FCAF}.Release|x86.Build.0 = Release|Win32
	EndGlobalSection
	GlobalSection(SolutionProperties) = preSolution
		HideSolutionNode = FALSE
	EndGlobalSection
	GlobalSection(ExtensibilityGlobals) = postSolution
		SolutionGuid = {521CFC5B-2BBF-4D30-A8C3-847C0C29F206}
	EndGlobalSection
EndGlobal
